{
  "name": "@dgrammatiko/lightningcss-url-version",
  "version": "1.0.1",
  "lockfileVersion": 3,
  "requires": true,
  "packages": {
    "": {
      "name": "@dgrammatiko/lightningcss-url-version",
      "version": "1.0.1",
      "license": "MIT",
      "devDependencies": {
        "lightningcss": "^1.22.1"
      }
    },
    "node_modules/detect-libc": {
      "version": "1.0.3",
      "resolved": "https://registry.npmjs.org/detect-libc/-/detect-libc-1.0.3.tgz",
      "integrity": "sha512-pGjwhsmsp4kL2RTz08wcOlGN83otlqHeD/Z5T8GXZB+/YcpQ/dgo+lbU8ZsGxV0HIvqqxo9l7mqYwyYMD9bKDg==",
      "dev": true,
      "bin": {
        "detect-libc": "bin/detect-libc.js"
      },
      "engines": {
        "node": ">=0.10"
      }
    },
    "node_modules/lightningcss": {
      "version": "1.28.2",
      "resolved": "https://registry.npmjs.org/lightningcss/-/lightningcss-1.28.2.tgz",
      "integrity": "sha512-ePLRrbt3fgjXI5VFZOLbvkLD5ZRuxGKm+wJ3ujCqBtL3NanDHPo/5zicR5uEKAPiIjBYF99BM4K4okvMznjkVA==",
      "dev": true,
      "license": "MPL-2.0",
      "dependencies": {
        "detect-libc": "^1.0.3"
      },
      "engines": {
        "node": ">= 12.0.0"
      },
      "funding": {
        "type": "opencollective",
        "url": "https://opencollective.com/parcel"
      },
      "optionalDependencies": {
        "lightningcss-darwin-arm64": "1.28.2",
        "lightningcss-darwin-x64": "1.28.2",
        "lightningcss-freebsd-x64": "1.28.2",
        "lightningcss-linux-arm-gnueabihf": "1.28.2",
        "lightningcss-linux-arm64-gnu": "1.28.2",
        "lightningcss-linux-arm64-musl": "1.28.2",
        "lightningcss-linux-x64-gnu": "1.28.2",
        "lightningcss-linux-x64-musl": "1.28.2",
        "lightningcss-win32-arm64-msvc": "1.28.2",
        "lightningcss-win32-x64-msvc": "1.28.2"
      }
    },
    "node_modules/lightningcss-darwin-arm64": {
      "version": "1.28.2",
      "resolved": "https://registry.npmjs.org/lightningcss-darwin-arm64/-/lightningcss-darwin-arm64-1.28.2.tgz",
      "integrity": "sha512-/8cPSqZiusHSS+WQz0W4NuaqFjquys1x+NsdN/XOHb+idGHJSoJ7SoQTVl3DZuAgtPZwFZgRfb/vd1oi8uX6+g==",
      "cpu": [
        "arm64"
      ],
      "dev": true,
      "license": "MPL-2.0",
      "optional": true,
      "os": [
        "darwin"
      ],
      "engines": {
        "node": ">= 12.0.0"
      },
      "funding": {
        "type": "opencollective",
        "url": "https://opencollective.com/parcel"
      }
    },
    "node_modules/lightningcss-darwin-x64": {
      "version": "1.28.2",
      "resolved": "https://registry.npmjs.org/lightningcss-darwin-x64/-/lightningcss-darwin-x64-1.28.2.tgz",
      "integrity": "sha512-R7sFrXlgKjvoEG8umpVt/yutjxOL0z8KWf0bfPT3cYMOW4470xu5qSHpFdIOpRWwl3FKNMUdbKtMUjYt0h2j4g==",
      "cpu": [
        "x64"
      ],
      "dev": true,
      "license": "MPL-2.0",
      "optional": true,
      "os": [
        "darwin"
      ],
      "engines": {
        "node": ">= 12.0.0"
      },
      "funding": {
        "type": "opencollective",
        "url": "https://opencollective.com/parcel"
      }
    },
    "node_modules/lightningcss-freebsd-x64": {
      "version": "1.28.2",
      "resolved": "https://registry.npmjs.org/lightningcss-freebsd-x64/-/lightningcss-freebsd-x64-1.28.2.tgz",
      "integrity": "sha512-l2qrCT+x7crAY+lMIxtgvV10R8VurzHAoUZJaVFSlHrN8kRLTvEg9ObojIDIexqWJQvJcVVV3vfzsEynpiuvgA==",
      "cpu": [
        "x64"
      ],
      "dev": true,
      "license": "MPL-2.0",
      "optional": true,
      "os": [
        "freebsd"
      ],
      "engines": {
        "node": ">= 12.0.0"
      },
      "funding": {
        "type": "opencollective",
        "url": "https://opencollective.com/parcel"
      }
    },
    "node_modules/lightningcss-linux-arm-gnueabihf": {
      "version": "1.28.2",
      "resolved": "https://registry.npmjs.org/lightningcss-linux-arm-gnueabihf/-/lightningcss-linux-arm-gnueabihf-1.28.2.tgz",
      "integrity": "sha512-DKMzpICBEKnL53X14rF7hFDu8KKALUJtcKdFUCW5YOlGSiwRSgVoRjM97wUm/E0NMPkzrTi/rxfvt7ruNK8meg==",
      "cpu": [
        "arm"
      ],
      "dev": true,
      "license": "MPL-2.0",
      "optional": true,
      "os": [
        "linux"
      ],
      "engines": {
        "node": ">= 12.0.0"
      },
      "funding": {
        "type": "opencollective",
        "url": "https://opencollective.com/parcel"
      }
    },
    "node_modules/lightningcss-linux-arm64-gnu": {
      "version": "1.28.2",
      "resolved": "https://registry.npmjs.org/lightningcss-linux-arm64-gnu/-/lightningcss-linux-arm64-gnu-1.28.2.tgz",
      "integrity": "sha512-nhfjYkfymWZSxdtTNMWyhFk2ImUm0X7NAgJWFwnsYPOfmtWQEapzG/DXZTfEfMjSzERNUNJoQjPAbdqgB+sjiw==",
      "cpu": [
        "arm64"
      ],
      "dev": true,
      "license": "MPL-2.0",
      "optional": true,
      "os": [
        "linux"
      ],
      "engines": {
        "node": ">= 12.0.0"
      },
      "funding": {
        "type": "opencollective",
        "url": "https://opencollective.com/parcel"
      }
    },
    "node_modules/lightningcss-linux-arm64-musl": {
      "version": "1.28.2",
      "resolved": "https://registry.npmjs.org/lightningcss-linux-arm64-musl/-/lightningcss-linux-arm64-musl-1.28.2.tgz",
      "integrity": "sha512-1SPG1ZTNnphWvAv8RVOymlZ8BDtAg69Hbo7n4QxARvkFVCJAt0cgjAw1Fox0WEhf4PwnyoOBaVH0Z5YNgzt4dA==",
      "cpu": [
        "arm64"
      ],
      "dev": true,
      "license": "MPL-2.0",
      "optional": true,
      "os": [
        "linux"
      ],
      "engines": {
        "node": ">= 12.0.0"
      },
      "funding": {
        "type": "opencollective",
        "url": "https://opencollective.com/parcel"
      }
    },
    "node_modules/lightningcss-linux-x64-gnu": {
      "version": "1.28.2",
      "resolved": "https://registry.npmjs.org/lightningcss-linux-x64-gnu/-/lightningcss-linux-x64-gnu-1.28.2.tgz",
      "integrity": "sha512-ZhQy0FcO//INWUdo/iEdbefntTdpPVQ0XJwwtdbBuMQe+uxqZoytm9M+iqR9O5noWFaxK+nbS2iR/I80Q2Ofpg==",
      "cpu": [
        "x64"
      ],
      "dev": true,
      "license": "MPL-2.0",
      "optional": true,
      "os": [
        "linux"
      ],
      "engines": {
        "node": ">= 12.0.0"
      },
      "funding": {
        "type": "opencollective",
        "url": "https://opencollective.com/parcel"
      }
    },
    "node_modules/lightningcss-linux-x64-musl": {
      "version": "1.28.2",
      "resolved": "https://registry.npmjs.org/lightningcss-linux-x64-musl/-/lightningcss-linux-x64-musl-1.28.2.tgz",
      "integrity": "sha512-alb/j1NMrgQmSFyzTbN1/pvMPM+gdDw7YBuQ5VSgcFDypN3Ah0BzC2dTZbzwzaMdUVDszX6zH5MzjfVN1oGuww==",
      "cpu": [
        "x64"
      ],
      "dev": true,
      "license": "MPL-2.0",
      "optional": true,
      "os": [
        "linux"
      ],
      "engines": {
        "node": ">= 12.0.0"
      },
      "funding": {
        "type": "opencollective",
        "url": "https://opencollective.com/parcel"
      }
    },
    "node_modules/lightningcss-win32-arm64-msvc": {
      "version": "1.28.2",
      "resolved": "https://registry.npmjs.org/lightningcss-win32-arm64-msvc/-/lightningcss-win32-arm64-msvc-1.28.2.tgz",
      "integrity": "sha512-WnwcjcBeAt0jGdjlgbT9ANf30pF0C/QMb1XnLnH272DQU8QXh+kmpi24R55wmWBwaTtNAETZ+m35ohyeMiNt+g==",
      "cpu": [
        "arm64"
      ],
      "dev": true,
      "license": "MPL-2.0",
      "optional": true,
      "os": [
        "win32"
      ],
      "engines": {
        "node": ">= 12.0.0"
      },
      "funding": {
        "type": "opencollective",
        "url": "https://opencollective.com/parcel"
      }
    },
    "node_modules/lightningcss-win32-x64-msvc": {
      "version": "1.28.2",
      "resolved": "https://registry.npmjs.org/lightningcss-win32-x64-msvc/-/lightningcss-win32-x64-msvc-1.28.2.tgz",
      "integrity": "sha512-3piBifyT3avz22o6mDKywQC/OisH2yDK+caHWkiMsF82i3m5wDBadyCjlCQ5VNgzYkxrWZgiaxHDdd5uxsi0/A==",
      "cpu": [
        "x64"
      ],
      "dev": true,
      "license": "MPL-2.0",
      "optional": true,
      "os": [
        "win32"
      ],
      "engines": {
        "node": ">= 12.0.0"
      },
      "funding": {
        "type": "opencollective",
        "url": "https://opencollective.com/parcel"
      }
    }
  }
}
