{
  "name": "@dgrammatiko/lightningcss-url-version",
  "version": "1.0.1",
  "lockfileVersion": 3,
  "requires": true,
  "packages": {
    "": {
      "name": "@dgrammatiko/lightningcss-url-version",
      "version": "1.0.1",
      "license": "MIT",
      "devDependencies": {
        "lightningcss": "^1.22.1"
      }
    },
    "node_modules/detect-libc": {
      "version": "1.0.3",
      "resolved": "https://registry.npmjs.org/detect-libc/-/detect-libc-1.0.3.tgz",
      "integrity": "sha512-pGjwhsmsp4kL2RTz08wcOlGN83otlqHeD/Z5T8GXZB+/YcpQ/dgo+lbU8ZsGxV0HIvqqxo9l7mqYwyYMD9bKDg==",
      "dev": true,
      "bin": {
        "detect-libc": "bin/detect-libc.js"
      },
      "engines": {
        "node": ">=0.10"
      }
    },
    "node_modules/lightningcss": {
      "version": "1.24.1",
      "resolved": "https://registry.npmjs.org/lightningcss/-/lightningcss-1.24.1.tgz",
      "integrity": "sha512-kUpHOLiH5GB0ERSv4pxqlL0RYKnOXtgGtVe7shDGfhS0AZ4D1ouKFYAcLcZhql8aMspDNzaUCumGHZ78tb2fTg==",
      "dev": true,
      "dependencies": {
        "detect-libc": "^1.0.3"
      },
      "engines": {
        "node": ">= 12.0.0"
      },
      "funding": {
        "type": "opencollective",
        "url": "https://opencollective.com/parcel"
      },
      "optionalDependencies": {
        "lightningcss-darwin-arm64": "1.24.1",
        "lightningcss-darwin-x64": "1.24.1",
        "lightningcss-freebsd-x64": "1.24.1",
        "lightningcss-linux-arm-gnueabihf": "1.24.1",
        "lightningcss-linux-arm64-gnu": "1.24.1",
        "lightningcss-linux-arm64-musl": "1.24.1",
        "lightningcss-linux-x64-gnu": "1.24.1",
        "lightningcss-linux-x64-musl": "1.24.1",
        "lightningcss-win32-x64-msvc": "1.24.1"
      }
    },
    "node_modules/lightningcss-darwin-arm64": {
      "version": "1.24.1",
      "resolved": "https://registry.npmjs.org/lightningcss-darwin-arm64/-/lightningcss-darwin-arm64-1.24.1.tgz",
      "integrity": "sha512-1jQ12jBy+AE/73uGQWGSafK5GoWgmSiIQOGhSEXiFJSZxzV+OXIx+a9h2EYHxdJfX864M+2TAxWPWb0Vv+8y4w==",
      "cpu": [
        "arm64"
      ],
      "dev": true,
      "optional": true,
      "os": [
        "darwin"
      ],
      "engines": {
        "node": ">= 12.0.0"
      },
      "funding": {
        "type": "opencollective",
        "url": "https://opencollective.com/parcel"
      }
    },
    "node_modules/lightningcss-darwin-x64": {
      "version": "1.24.1",
      "resolved": "https://registry.npmjs.org/lightningcss-darwin-x64/-/lightningcss-darwin-x64-1.24.1.tgz",
      "integrity": "sha512-R4R1d7VVdq2mG4igMU+Di8GPf0b64ZLnYVkubYnGG0Qxq1KaXQtAzcLI43EkpnoWvB/kUg8JKCWH4S13NfiLcQ==",
      "cpu": [
        "x64"
      ],
      "dev": true,
      "optional": true,
      "os": [
        "darwin"
      ],
      "engines": {
        "node": ">= 12.0.0"
      },
      "funding": {
        "type": "opencollective",
        "url": "https://opencollective.com/parcel"
      }
    },
    "node_modules/lightningcss-freebsd-x64": {
      "version": "1.24.1",
      "resolved": "https://registry.npmjs.org/lightningcss-freebsd-x64/-/lightningcss-freebsd-x64-1.24.1.tgz",
      "integrity": "sha512-z6NberUUw5ALES6Ixn2shmjRRrM1cmEn1ZQPiM5IrZ6xHHL5a1lPin9pRv+w6eWfcrEo+qGG6R9XfJrpuY3e4g==",
      "cpu": [
        "x64"
      ],
      "dev": true,
      "optional": true,
      "os": [
        "freebsd"
      ],
      "engines": {
        "node": ">= 12.0.0"
      },
      "funding": {
        "type": "opencollective",
        "url": "https://opencollective.com/parcel"
      }
    },
    "node_modules/lightningcss-linux-arm-gnueabihf": {
      "version": "1.24.1",
      "resolved": "https://registry.npmjs.org/lightningcss-linux-arm-gnueabihf/-/lightningcss-linux-arm-gnueabihf-1.24.1.tgz",
      "integrity": "sha512-NLQLnBQW/0sSg74qLNI8F8QKQXkNg4/ukSTa+XhtkO7v3BnK19TS1MfCbDHt+TTdSgNEBv0tubRuapcKho2EWw==",
      "cpu": [
        "arm"
      ],
      "dev": true,
      "optional": true,
      "os": [
        "linux"
      ],
      "engines": {
        "node": ">= 12.0.0"
      },
      "funding": {
        "type": "opencollective",
        "url": "https://opencollective.com/parcel"
      }
    },
    "node_modules/lightningcss-linux-arm64-gnu": {
      "version": "1.24.1",
      "resolved": "https://registry.npmjs.org/lightningcss-linux-arm64-gnu/-/lightningcss-linux-arm64-gnu-1.24.1.tgz",
      "integrity": "sha512-AQxWU8c9E9JAjAi4Qw9CvX2tDIPjgzCTrZCSXKELfs4mCwzxRkHh2RCxX8sFK19RyJoJAjA/Kw8+LMNRHS5qEg==",
      "cpu": [
        "arm64"
      ],
      "dev": true,
      "optional": true,
      "os": [
        "linux"
      ],
      "engines": {
        "node": ">= 12.0.0"
      },
      "funding": {
        "type": "opencollective",
        "url": "https://opencollective.com/parcel"
      }
    },
    "node_modules/lightningcss-linux-arm64-musl": {
      "version": "1.24.1",
      "resolved": "https://registry.npmjs.org/lightningcss-linux-arm64-musl/-/lightningcss-linux-arm64-musl-1.24.1.tgz",
      "integrity": "sha512-JCgH/SrNrhqsguUA0uJUM1PvN5+dVuzPIlXcoWDHSv2OU/BWlj2dUYr3XNzEw748SmNZPfl2NjQrAdzaPOn1lA==",
      "cpu": [
        "arm64"
      ],
      "dev": true,
      "optional": true,
      "os": [
        "linux"
      ],
      "engines": {
        "node": ">= 12.0.0"
      },
      "funding": {
        "type": "opencollective",
        "url": "https://opencollective.com/parcel"
      }
    },
    "node_modules/lightningcss-linux-x64-gnu": {
      "version": "1.24.1",
      "resolved": "https://registry.npmjs.org/lightningcss-linux-x64-gnu/-/lightningcss-linux-x64-gnu-1.24.1.tgz",
      "integrity": "sha512-TYdEsC63bHV0h47aNRGN3RiK7aIeco3/keN4NkoSQ5T8xk09KHuBdySltWAvKLgT8JvR+ayzq8ZHnL1wKWY0rw==",
      "cpu": [
        "x64"
      ],
      "dev": true,
      "optional": true,
      "os": [
        "linux"
      ],
      "engines": {
        "node": ">= 12.0.0"
      },
      "funding": {
        "type": "opencollective",
        "url": "https://opencollective.com/parcel"
      }
    },
    "node_modules/lightningcss-linux-x64-musl": {
      "version": "1.24.1",
      "resolved": "https://registry.npmjs.org/lightningcss-linux-x64-musl/-/lightningcss-linux-x64-musl-1.24.1.tgz",
      "integrity": "sha512-HLfzVik3RToot6pQ2Rgc3JhfZkGi01hFetHt40HrUMoeKitLoqUUT5owM6yTZPTytTUW9ukLBJ1pc3XNMSvlLw==",
      "cpu": [
        "x64"
      ],
      "dev": true,
      "optional": true,
      "os": [
        "linux"
      ],
      "engines": {
        "node": ">= 12.0.0"
      },
      "funding": {
        "type": "opencollective",
        "url": "https://opencollective.com/parcel"
      }
    },
    "node_modules/lightningcss-win32-x64-msvc": {
      "version": "1.24.1",
      "resolved": "https://registry.npmjs.org/lightningcss-win32-x64-msvc/-/lightningcss-win32-x64-msvc-1.24.1.tgz",
      "integrity": "sha512-joEupPjYJ7PjZtDsS5lzALtlAudAbgIBMGJPNeFe5HfdmJXFd13ECmEM+5rXNxYVMRHua2w8132R6ab5Z6K9Ow==",
      "cpu": [
        "x64"
      ],
      "dev": true,
      "optional": true,
      "os": [
        "win32"
      ],
      "engines": {
        "node": ">= 12.0.0"
      },
      "funding": {
        "type": "opencollective",
        "url": "https://opencollective.com/parcel"
      }
    }
  }
}
